
Microsoft Visual Studio Solution File, Format Version 12.00
# Visual Studio 14
VisualStudioVersion = 14.0.25123.0
MinimumVisualStudioVersion = 10.0.40219.1
Project("{FAE04EC0-301F-11D3-BF4B-00C04F79EFBC}") = "Witsml.Studio", "Witsml.Studio\Witsml.Studio.csproj", "{E7531DA0-51BD-4C58-B020-FFCE2DFBCED6}"
	ProjectSection(ProjectDependencies) = postProject
		{5F8F5AC8-680A-4097-9CF2-AB5A97B3BFDF} = {5F8F5AC8-680A-4097-9CF2-AB5A97B3BFDF}
	EndProjectSection
EndProject
Project("{FAE04EC0-301F-11D3-BF4B-00C04F79EFBC}") = "Witsml.Studio.Plugins.WitsmlBrowser", "Witsml.Studio.Plugins.WitsmlBrowser\Witsml.Studio.Plugins.WitsmlBrowser.csproj", "{7522280E-7550-493D-8CEA-2E73C623E93D}"
EndProject
Project("{FAE04EC0-301F-11D3-BF4B-00C04F79EFBC}") = "Witsml.Studio.Plugins.EtpBrowser", "Witsml.Studio.Plugins.EtpBrowser\Witsml.Studio.Plugins.EtpBrowser.csproj", "{10B0E721-A583-4E11-B6A7-DEABD739CD98}"
EndProject
Project("{FAE04EC0-301F-11D3-BF4B-00C04F79EFBC}") = "Witsml.Studio.Plugins.DataReplay", "Witsml.Studio.Plugins.DataReplay\Witsml.Studio.Plugins.DataReplay.csproj", "{4B191A5D-0F2F-4DF1-AAD3-C0F2BE0032D2}"
EndProject
Project("{FAE04EC0-301F-11D3-BF4B-00C04F79EFBC}") = "Witsml.Studio.UnitTest", "Witsml.Studio.UnitTest\Witsml.Studio.UnitTest.csproj", "{F3143AD1-3139-4449-B07C-68D834E4EE36}"
EndProject
Project("{FAE04EC0-301F-11D3-BF4B-00C04F79EFBC}") = "Witsml.Studio.IntegrationTest", "Witsml.Studio.IntegrationTest\Witsml.Studio.IntegrationTest.csproj", "{84C06B18-C1D6-4AD1-AA4D-7B08872B8D8F}"
EndProject
Project("{FAE04EC0-301F-11D3-BF4B-00C04F79EFBC}") = "Witsml.Studio.Plugins.ObjectInspector", "Witsml.Studio.Plugins.ObjectInspector\Witsml.Studio.Plugins.ObjectInspector.csproj", "{C17BF64B-B129-4CBC-91DF-69F1EBD4365E}"
EndProject
Project("{FAE04EC0-301F-11D3-BF4B-00C04F79EFBC}") = "Witsml.Studio.Core", "Witsml.Studio.Core\Witsml.Studio.Core.csproj", "{5F8F5AC8-680A-4097-9CF2-AB5A97B3BFDF}"
EndProject
Global
	GlobalSection(SolutionConfigurationPlatforms) = preSolution
		Debug|Any CPU = Debug|Any CPU
		Release|Any CPU = Release|Any CPU
	EndGlobalSection
	GlobalSection(ProjectConfigurationPlatforms) = postSolution
		{E7531DA0-51BD-4C58-B020-FFCE2DFBCED6}.Debug|Any CPU.ActiveCfg = Debug|Any CPU
		{E7531DA0-51BD-4C58-B020-FFCE2DFBCED6}.Debug|Any CPU.Build.0 = Debug|Any CPU
		{E7531DA0-51BD-4C58-B020-FFCE2DFBCED6}.Release|Any CPU.ActiveCfg = Release|Any CPU
		{E7531DA0-51BD-4C58-B020-FFCE2DFBCED6}.Release|Any CPU.Build.0 = Release|Any CPU
		{7522280E-7550-493D-8CEA-2E73C623E93D}.Debug|Any CPU.ActiveCfg = Debug|Any CPU
		{7522280E-7550-493D-8CEA-2E73C623E93D}.Debug|Any CPU.Build.0 = Debug|Any CPU
		{7522280E-7550-493D-8CEA-2E73C623E93D}.Release|Any CPU.ActiveCfg = Release|Any CPU
		{7522280E-7550-493D-8CEA-2E73C623E93D}.Release|Any CPU.Build.0 = Release|Any CPU
		{10B0E721-A583-4E11-B6A7-DEABD739CD98}.Debug|Any CPU.ActiveCfg = Debug|Any CPU
		{10B0E721-A583-4E11-B6A7-DEABD739CD98}.Debug|Any CPU.Build.0 = Debug|Any CPU
		{10B0E721-A583-4E11-B6A7-DEABD739CD98}.Release|Any CPU.ActiveCfg = Release|Any CPU
		{10B0E721-A583-4E11-B6A7-DEABD739CD98}.Release|Any CPU.Build.0 = Release|Any CPU
		{4B191A5D-0F2F-4DF1-AAD3-C0F2BE0032D2}.Debug|Any CPU.ActiveCfg = Debug|Any CPU
		{4B191A5D-0F2F-4DF1-AAD3-C0F2BE0032D2}.Debug|Any CPU.Build.0 = Debug|Any CPU
		{4B191A5D-0F2F-4DF1-AAD3-C0F2BE0032D2}.Release|Any CPU.ActiveCfg = Release|Any CPU
		{4B191A5D-0F2F-4DF1-AAD3-C0F2BE0032D2}.Release|Any CPU.Build.0 = Release|Any CPU
		{F3143AD1-3139-4449-B07C-68D834E4EE36}.Debug|Any CPU.ActiveCfg = Debug|Any CPU
		{F3143AD1-3139-4449-B07C-68D834E4EE36}.Debug|Any CPU.Build.0 = Debug|Any CPU
		{F3143AD1-3139-4449-B07C-68D834E4EE36}.Release|Any CPU.ActiveCfg = Release|Any CPU
		{F3143AD1-3139-4449-B07C-68D834E4EE36}.Release|Any CPU.Build.0 = Release|Any CPU
		{84C06B18-C1D6-4AD1-AA4D-7B08872B8D8F}.Debug|Any CPU.ActiveCfg = Debug|Any CPU
		{84C06B18-C1D6-4AD1-AA4D-7B08872B8D8F}.Debug|Any CPU.Build.0 = Debug|Any CPU
		{84C06B18-C1D6-4AD1-AA4D-7B08872B8D8F}.Release|Any CPU.ActiveCfg = Release|Any CPU
		{84C06B18-C1D6-4AD1-AA4D-7B08872B8D8F}.Release|Any CPU.Build.0 = Release|Any CPU
		{C17BF64B-B129-4CBC-91DF-69F1EBD4365E}.Debug|Any CPU.ActiveCfg = Debug|Any CPU
		{C17BF64B-B129-4CBC-91DF-69F1EBD4365E}.Debug|Any CPU.Build.0 = Debug|Any CPU
		{C17BF64B-B129-4CBC-91DF-69F1EBD4365E}.Release|Any CPU.ActiveCfg = Release|Any CPU
		{C17BF64B-B129-4CBC-91DF-69F1EBD4365E}.Release|Any CPU.Build.0 = Release|Any CPU
		{5F8F5AC8-680A-4097-9CF2-AB5A97B3BFDF}.Debug|Any CPU.ActiveCfg = Debug|Any CPU
		{5F8F5AC8-680A-4097-9CF2-AB5A97B3BFDF}.Debug|Any CPU.Build.0 = Debug|Any CPU
		{5F8F5AC8-680A-4097-9CF2-AB5A97B3BFDF}.Release|Any CPU.ActiveCfg = Release|Any CPU
		{5F8F5AC8-680A-4097-9CF2-AB5A97B3BFDF}.Release|Any CPU.Build.0 = Release|Any CPU
	EndGlobalSection
	GlobalSection(SolutionProperties) = preSolution
		HideSolutionNode = FALSE
	EndGlobalSection
EndGlobal
